{
  "nodes": {
    "argparse": {
      "flake": false,
      "locked": {
        "lastModified": 1726837382,
        "narHash": "sha256-LKbcLX4rrhqNhcJE7/y12GUYa9rRLVt61YfhfeP8x+Q=",
        "owner": "p-ranav",
        "repo": "argparse",
        "rev": "84c02050ea8bd1bf99de0a4943db40235e9fd5e7",
        "type": "github"
      },
      "original": {
        "owner": "p-ranav",
        "ref": "master",
        "repo": "argparse",
        "type": "github"
      }
    },
    "nixpkgs": {
      "locked": {
        "lastModified": 1729690727,
        "narHash": "sha256-kpkyedYvqiVvMhHaDaIPqD0tUgT+reMMRjrjnlZ1aQo=",
        "owner": "nixos",
        "repo": "nixpkgs",
        "rev": "be79af5ec63facf6c7709094db72b253c34e1ac2",
        "type": "github"
      },
      "original": {
        "owner": "nixos",
        "ref": "nixpkgs-unstable",
        "repo": "nixpkgs",
        "type": "github"
      }
    },
    "root": {
      "inputs": {
        "argparse": "argparse",
        "nixpkgs": "nixpkgs"
      }
    }
  },
  "root": "root",
  "version": 7
}
